
Microsoft Visual Studio Solution File, Format Version 12.00
# Visual Studio 15
VisualStudioVersion = 15.0.26730.8
MinimumVisualStudioVersion = 10.0.40219.1
Project("{FAE04EC0-301F-11D3-BF4B-00C04F79EFBC}") = "Filters", "Filters\Filters.csproj", "{B2A26F80-EED9-474C-A959-55FC7E98B863}"
EndProject
Global
	GlobalSection(SolutionConfigurationPlatforms) = preSolution
		Debug|Any CPU = Debug|Any CPU
		Release|Any CPU = Release|Any CPU
	EndGlobalSection
	GlobalSection(ProjectConfigurationPlatforms) = postSolution
		{B2A26F80-EED9-474C-A959-55FC7E98B863}.Debug|Any CPU.ActiveCfg = Debug|Any CPU
		{B2A26F80-EED9-474C-A959-55FC7E98B863}.Debug|Any CPU.Build.0 = Debug|Any CPU
		{B2A26F80-EED9-474C-A959-55FC7E98B863}.Release|Any CPU.ActiveCfg = Release|Any CPU
		{B2A26F80-EED9-474C-A959-55FC7E98B863}.Release|Any CPU.Build.0 = Release|Any CPU
	EndGlobalSection
	GlobalSection(SolutionProperties) = preSolution
		HideSolutionNode = FALSE
	EndGlobalSection
	GlobalSection(ExtensibilityGlobals) = postSolution
		SolutionGuid = {B303836F-4060-4DDA-A54B-8DC7731E7394}
	EndGlobalSection
EndGlobal
